
Microsoft Visual Studio Solution File, Format Version 12.00
# Visual Studio Version 16
VisualStudioVersion = 16.6.30114.105
MinimumVisualStudioVersion = 10.0.40219.1
Project("{2150E333-8FDC-42A3-9474-1A3956D46DE8}") = "src", "src", "{02F5677D-F1A9-44B6-BD4B-8102E58361E9}"
EndProject
Project("{F2A71F9B-5D33-465A-A702-920D77279786}") = "Build", "src\Build\Build.fsproj", "{F4D11C0D-CD89-4788-B97D-1A7CFBCBBECE}"
EndProject
Project("{2150E333-8FDC-42A3-9474-1A3956D46DE8}") = "Client", "Client", "{480AFC5D-6DFC-46C3-9F56-F32C0D133AE3}"
EndProject
Project("{F2A71F9B-5D33-465A-A702-920D77279786}") = "Client", "src\Client\src\Client.fsproj", "{22922BD3-AB5A-4112-9FF9-53A43183C174}"
EndProject
Project("{F2A71F9B-5D33-465A-A702-920D77279786}") = "Server", "src\Server\Server.fsproj", "{229B88F9-9FCE-42DA-9594-CDCFA77FC81B}"
EndProject
Global
	GlobalSection(SolutionConfigurationPlatforms) = preSolution
		Debug|Any CPU = Debug|Any CPU
		Debug|x64 = Debug|x64
		Debug|x86 = Debug|x86
		Release|Any CPU = Release|Any CPU
		Release|x64 = Release|x64
		Release|x86 = Release|x86
	EndGlobalSection
	GlobalSection(SolutionProperties) = preSolution
		HideSolutionNode = FALSE
	EndGlobalSection
	GlobalSection(ProjectConfigurationPlatforms) = postSolution
		{F4D11C0D-CD89-4788-B97D-1A7CFBCBBECE}.Debug|Any CPU.ActiveCfg = Debug|Any CPU
		{F4D11C0D-CD89-4788-B97D-1A7CFBCBBECE}.Debug|Any CPU.Build.0 = Debug|Any CPU
		{F4D11C0D-CD89-4788-B97D-1A7CFBCBBECE}.Debug|x64.ActiveCfg = Debug|Any CPU
		{F4D11C0D-CD89-4788-B97D-1A7CFBCBBECE}.Debug|x64.Build.0 = Debug|Any CPU
		{F4D11C0D-CD89-4788-B97D-1A7CFBCBBECE}.Debug|x86.ActiveCfg = Debug|Any CPU
		{F4D11C0D-CD89-4788-B97D-1A7CFBCBBECE}.Debug|x86.Build.0 = Debug|Any CPU
		{F4D11C0D-CD89-4788-B97D-1A7CFBCBBECE}.Release|Any CPU.ActiveCfg = Release|Any CPU
		{F4D11C0D-CD89-4788-B97D-1A7CFBCBBECE}.Release|Any CPU.Build.0 = Release|Any CPU
		{F4D11C0D-CD89-4788-B97D-1A7CFBCBBECE}.Release|x64.ActiveCfg = Release|Any CPU
		{F4D11C0D-CD89-4788-B97D-1A7CFBCBBECE}.Release|x64.Build.0 = Release|Any CPU
		{F4D11C0D-CD89-4788-B97D-1A7CFBCBBECE}.Release|x86.ActiveCfg = Release|Any CPU
		{F4D11C0D-CD89-4788-B97D-1A7CFBCBBECE}.Release|x86.Build.0 = Release|Any CPU
		{22922BD3-AB5A-4112-9FF9-53A43183C174}.Debug|Any CPU.ActiveCfg = Debug|Any CPU
		{22922BD3-AB5A-4112-9FF9-53A43183C174}.Debug|Any CPU.Build.0 = Debug|Any CPU
		{22922BD3-AB5A-4112-9FF9-53A43183C174}.Debug|x64.ActiveCfg = Debug|Any CPU
		{22922BD3-AB5A-4112-9FF9-53A43183C174}.Debug|x64.Build.0 = Debug|Any CPU
		{22922BD3-AB5A-4112-9FF9-53A43183C174}.Debug|x86.ActiveCfg = Debug|Any CPU
		{22922BD3-AB5A-4112-9FF9-53A43183C174}.Debug|x86.Build.0 = Debug|Any CPU
		{22922BD3-AB5A-4112-9FF9-53A43183C174}.Release|Any CPU.ActiveCfg = Release|Any CPU
		{22922BD3-AB5A-4112-9FF9-53A43183C174}.Release|Any CPU.Build.0 = Release|Any CPU
		{22922BD3-AB5A-4112-9FF9-53A43183C174}.Release|x64.ActiveCfg = Release|Any CPU
		{22922BD3-AB5A-4112-9FF9-53A43183C174}.Release|x64.Build.0 = Release|Any CPU
		{22922BD3-AB5A-4112-9FF9-53A43183C174}.Release|x86.ActiveCfg = Release|Any CPU
		{22922BD3-AB5A-4112-9FF9-53A43183C174}.Release|x86.Build.0 = Release|Any CPU
		{229B88F9-9FCE-42DA-9594-CDCFA77FC81B}.Debug|Any CPU.ActiveCfg = Debug|Any CPU
		{229B88F9-9FCE-42DA-9594-CDCFA77FC81B}.Debug|Any CPU.Build.0 = Debug|Any CPU
		{229B88F9-9FCE-42DA-9594-CDCFA77FC81B}.Debug|x64.ActiveCfg = Debug|Any CPU
		{229B88F9-9FCE-42DA-9594-CDCFA77FC81B}.Debug|x64.Build.0 = Debug|Any CPU
		{229B88F9-9FCE-42DA-9594-CDCFA77FC81B}.Debug|x86.ActiveCfg = Debug|Any CPU
		{229B88F9-9FCE-42DA-9594-CDCFA77FC81B}.Debug|x86.Build.0 = Debug|Any CPU
		{229B88F9-9FCE-42DA-9594-CDCFA77FC81B}.Release|Any CPU.ActiveCfg = Release|Any CPU
		{229B88F9-9FCE-42DA-9594-CDCFA77FC81B}.Release|Any CPU.Build.0 = Release|Any CPU
		{229B88F9-9FCE-42DA-9594-CDCFA77FC81B}.Release|x64.ActiveCfg = Release|Any CPU
		{229B88F9-9FCE-42DA-9594-CDCFA77FC81B}.Release|x64.Build.0 = Release|Any CPU
		{229B88F9-9FCE-42DA-9594-CDCFA77FC81B}.Release|x86.ActiveCfg = Release|Any CPU
		{229B88F9-9FCE-42DA-9594-CDCFA77FC81B}.Release|x86.Build.0 = Release|Any CPU
	EndGlobalSection
	GlobalSection(NestedProjects) = preSolution
		{F4D11C0D-CD89-4788-B97D-1A7CFBCBBECE} = {02F5677D-F1A9-44B6-BD4B-8102E58361E9}
		{480AFC5D-6DFC-46C3-9F56-F32C0D133AE3} = {02F5677D-F1A9-44B6-BD4B-8102E58361E9}
		{22922BD3-AB5A-4112-9FF9-53A43183C174} = {480AFC5D-6DFC-46C3-9F56-F32C0D133AE3}
		{229B88F9-9FCE-42DA-9594-CDCFA77FC81B} = {02F5677D-F1A9-44B6-BD4B-8102E58361E9}
	EndGlobalSection
EndGlobal
