
Microsoft Visual Studio Solution File, Format Version 12.00
# Visual Studio Version 16
VisualStudioVersion = 16.0.30114.105
MinimumVisualStudioVersion = 10.0.40219.1
Project("{2150E333-8FDC-42A3-9474-1A3956D46DE8}") = "src", "src", "{51E99B5A-DAFE-47E0-A10B-80489DE2599C}"
EndProject
Project("{F2A71F9B-5D33-465A-A702-920D77279786}") = "Build", "src\Build\Build.fsproj", "{29750494-572D-4D43-9AF6-BC57699474CF}"
EndProject
Project("{2150E333-8FDC-42A3-9474-1A3956D46DE8}") = "Client", "Client", "{1917C2F7-E0C6-474E-B255-6B15D6680684}"
EndProject
Project("{F2A71F9B-5D33-465A-A702-920D77279786}") = "Client", "src\Client\src\Client.fsproj", "{517CA27A-D94E-46C3-96F1-2A9613A02850}"
EndProject
Project("{F2A71F9B-5D33-465A-A702-920D77279786}") = "Domain", "src\Domain\Domain.fsproj", "{E8088AFD-77C1-48AD-9771-EF9FA06F3FA6}"
EndProject
Project("{F2A71F9B-5D33-465A-A702-920D77279786}") = "Server", "src\Server\Server.fsproj", "{794CEE3A-8DB0-4845-9D83-A1A3C3978366}"
EndProject
Project("{F2A71F9B-5D33-465A-A702-920D77279786}") = "Reactor", "src\Reactor\Reactor.fsproj", "{A4054230-98F9-4F13-A2C7-9B4840C69E1A}"
EndProject
Project("{F2A71F9B-5D33-465A-A702-920D77279786}") = "Shared", "src\Shared\Shared.fsproj", "{9A857C70-08EB-4F05-8AC5-5717FD9F735D}"
EndProject
Project("{F2A71F9B-5D33-465A-A702-920D77279786}") = "Tests", "src\Tests\Tests.fsproj", "{1F1C7A7F-3994-4B4B-93B6-7D8660F83E57}"
EndProject
Global
	GlobalSection(SolutionConfigurationPlatforms) = preSolution
		Debug|Any CPU = Debug|Any CPU
		Debug|x64 = Debug|x64
		Debug|x86 = Debug|x86
		Release|Any CPU = Release|Any CPU
		Release|x64 = Release|x64
		Release|x86 = Release|x86
	EndGlobalSection
	GlobalSection(SolutionProperties) = preSolution
		HideSolutionNode = FALSE
	EndGlobalSection
	GlobalSection(ProjectConfigurationPlatforms) = postSolution
		{29750494-572D-4D43-9AF6-BC57699474CF}.Debug|Any CPU.ActiveCfg = Debug|Any CPU
		{29750494-572D-4D43-9AF6-BC57699474CF}.Debug|Any CPU.Build.0 = Debug|Any CPU
		{29750494-572D-4D43-9AF6-BC57699474CF}.Debug|x64.ActiveCfg = Debug|Any CPU
		{29750494-572D-4D43-9AF6-BC57699474CF}.Debug|x64.Build.0 = Debug|Any CPU
		{29750494-572D-4D43-9AF6-BC57699474CF}.Debug|x86.ActiveCfg = Debug|Any CPU
		{29750494-572D-4D43-9AF6-BC57699474CF}.Debug|x86.Build.0 = Debug|Any CPU
		{29750494-572D-4D43-9AF6-BC57699474CF}.Release|Any CPU.ActiveCfg = Release|Any CPU
		{29750494-572D-4D43-9AF6-BC57699474CF}.Release|Any CPU.Build.0 = Release|Any CPU
		{29750494-572D-4D43-9AF6-BC57699474CF}.Release|x64.ActiveCfg = Release|Any CPU
		{29750494-572D-4D43-9AF6-BC57699474CF}.Release|x64.Build.0 = Release|Any CPU
		{29750494-572D-4D43-9AF6-BC57699474CF}.Release|x86.ActiveCfg = Release|Any CPU
		{29750494-572D-4D43-9AF6-BC57699474CF}.Release|x86.Build.0 = Release|Any CPU
		{517CA27A-D94E-46C3-96F1-2A9613A02850}.Debug|Any CPU.ActiveCfg = Debug|Any CPU
		{517CA27A-D94E-46C3-96F1-2A9613A02850}.Debug|Any CPU.Build.0 = Debug|Any CPU
		{517CA27A-D94E-46C3-96F1-2A9613A02850}.Debug|x64.ActiveCfg = Debug|Any CPU
		{517CA27A-D94E-46C3-96F1-2A9613A02850}.Debug|x64.Build.0 = Debug|Any CPU
		{517CA27A-D94E-46C3-96F1-2A9613A02850}.Debug|x86.ActiveCfg = Debug|Any CPU
		{517CA27A-D94E-46C3-96F1-2A9613A02850}.Debug|x86.Build.0 = Debug|Any CPU
		{517CA27A-D94E-46C3-96F1-2A9613A02850}.Release|Any CPU.ActiveCfg = Release|Any CPU
		{517CA27A-D94E-46C3-96F1-2A9613A02850}.Release|Any CPU.Build.0 = Release|Any CPU
		{517CA27A-D94E-46C3-96F1-2A9613A02850}.Release|x64.ActiveCfg = Release|Any CPU
		{517CA27A-D94E-46C3-96F1-2A9613A02850}.Release|x64.Build.0 = Release|Any CPU
		{517CA27A-D94E-46C3-96F1-2A9613A02850}.Release|x86.ActiveCfg = Release|Any CPU
		{517CA27A-D94E-46C3-96F1-2A9613A02850}.Release|x86.Build.0 = Release|Any CPU
		{E8088AFD-77C1-48AD-9771-EF9FA06F3FA6}.Debug|Any CPU.ActiveCfg = Debug|Any CPU
		{E8088AFD-77C1-48AD-9771-EF9FA06F3FA6}.Debug|Any CPU.Build.0 = Debug|Any CPU
		{E8088AFD-77C1-48AD-9771-EF9FA06F3FA6}.Debug|x64.ActiveCfg = Debug|Any CPU
		{E8088AFD-77C1-48AD-9771-EF9FA06F3FA6}.Debug|x64.Build.0 = Debug|Any CPU
		{E8088AFD-77C1-48AD-9771-EF9FA06F3FA6}.Debug|x86.ActiveCfg = Debug|Any CPU
		{E8088AFD-77C1-48AD-9771-EF9FA06F3FA6}.Debug|x86.Build.0 = Debug|Any CPU
		{E8088AFD-77C1-48AD-9771-EF9FA06F3FA6}.Release|Any CPU.ActiveCfg = Release|Any CPU
		{E8088AFD-77C1-48AD-9771-EF9FA06F3FA6}.Release|Any CPU.Build.0 = Release|Any CPU
		{E8088AFD-77C1-48AD-9771-EF9FA06F3FA6}.Release|x64.ActiveCfg = Release|Any CPU
		{E8088AFD-77C1-48AD-9771-EF9FA06F3FA6}.Release|x64.Build.0 = Release|Any CPU
		{E8088AFD-77C1-48AD-9771-EF9FA06F3FA6}.Release|x86.ActiveCfg = Release|Any CPU
		{E8088AFD-77C1-48AD-9771-EF9FA06F3FA6}.Release|x86.Build.0 = Release|Any CPU
		{794CEE3A-8DB0-4845-9D83-A1A3C3978366}.Debug|Any CPU.ActiveCfg = Debug|Any CPU
		{794CEE3A-8DB0-4845-9D83-A1A3C3978366}.Debug|Any CPU.Build.0 = Debug|Any CPU
		{794CEE3A-8DB0-4845-9D83-A1A3C3978366}.Debug|x64.ActiveCfg = Debug|Any CPU
		{794CEE3A-8DB0-4845-9D83-A1A3C3978366}.Debug|x64.Build.0 = Debug|Any CPU
		{794CEE3A-8DB0-4845-9D83-A1A3C3978366}.Debug|x86.ActiveCfg = Debug|Any CPU
		{794CEE3A-8DB0-4845-9D83-A1A3C3978366}.Debug|x86.Build.0 = Debug|Any CPU
		{794CEE3A-8DB0-4845-9D83-A1A3C3978366}.Release|Any CPU.ActiveCfg = Release|Any CPU
		{794CEE3A-8DB0-4845-9D83-A1A3C3978366}.Release|Any CPU.Build.0 = Release|Any CPU
		{794CEE3A-8DB0-4845-9D83-A1A3C3978366}.Release|x64.ActiveCfg = Release|Any CPU
		{794CEE3A-8DB0-4845-9D83-A1A3C3978366}.Release|x64.Build.0 = Release|Any CPU
		{794CEE3A-8DB0-4845-9D83-A1A3C3978366}.Release|x86.ActiveCfg = Release|Any CPU
		{794CEE3A-8DB0-4845-9D83-A1A3C3978366}.Release|x86.Build.0 = Release|Any CPU
		{A4054230-98F9-4F13-A2C7-9B4840C69E1A}.Debug|Any CPU.ActiveCfg = Debug|Any CPU
		{A4054230-98F9-4F13-A2C7-9B4840C69E1A}.Debug|Any CPU.Build.0 = Debug|Any CPU
		{A4054230-98F9-4F13-A2C7-9B4840C69E1A}.Debug|x64.ActiveCfg = Debug|Any CPU
		{A4054230-98F9-4F13-A2C7-9B4840C69E1A}.Debug|x64.Build.0 = Debug|Any CPU
		{A4054230-98F9-4F13-A2C7-9B4840C69E1A}.Debug|x86.ActiveCfg = Debug|Any CPU
		{A4054230-98F9-4F13-A2C7-9B4840C69E1A}.Debug|x86.Build.0 = Debug|Any CPU
		{A4054230-98F9-4F13-A2C7-9B4840C69E1A}.Release|Any CPU.ActiveCfg = Release|Any CPU
		{A4054230-98F9-4F13-A2C7-9B4840C69E1A}.Release|Any CPU.Build.0 = Release|Any CPU
		{A4054230-98F9-4F13-A2C7-9B4840C69E1A}.Release|x64.ActiveCfg = Release|Any CPU
		{A4054230-98F9-4F13-A2C7-9B4840C69E1A}.Release|x64.Build.0 = Release|Any CPU
		{A4054230-98F9-4F13-A2C7-9B4840C69E1A}.Release|x86.ActiveCfg = Release|Any CPU
		{A4054230-98F9-4F13-A2C7-9B4840C69E1A}.Release|x86.Build.0 = Release|Any CPU
		{9A857C70-08EB-4F05-8AC5-5717FD9F735D}.Debug|Any CPU.ActiveCfg = Debug|Any CPU
		{9A857C70-08EB-4F05-8AC5-5717FD9F735D}.Debug|Any CPU.Build.0 = Debug|Any CPU
		{9A857C70-08EB-4F05-8AC5-5717FD9F735D}.Debug|x64.ActiveCfg = Debug|Any CPU
		{9A857C70-08EB-4F05-8AC5-5717FD9F735D}.Debug|x64.Build.0 = Debug|Any CPU
		{9A857C70-08EB-4F05-8AC5-5717FD9F735D}.Debug|x86.ActiveCfg = Debug|Any CPU
		{9A857C70-08EB-4F05-8AC5-5717FD9F735D}.Debug|x86.Build.0 = Debug|Any CPU
		{9A857C70-08EB-4F05-8AC5-5717FD9F735D}.Release|Any CPU.ActiveCfg = Release|Any CPU
		{9A857C70-08EB-4F05-8AC5-5717FD9F735D}.Release|Any CPU.Build.0 = Release|Any CPU
		{9A857C70-08EB-4F05-8AC5-5717FD9F735D}.Release|x64.ActiveCfg = Release|Any CPU
		{9A857C70-08EB-4F05-8AC5-5717FD9F735D}.Release|x64.Build.0 = Release|Any CPU
		{9A857C70-08EB-4F05-8AC5-5717FD9F735D}.Release|x86.ActiveCfg = Release|Any CPU
		{9A857C70-08EB-4F05-8AC5-5717FD9F735D}.Release|x86.Build.0 = Release|Any CPU
		{1F1C7A7F-3994-4B4B-93B6-7D8660F83E57}.Debug|Any CPU.ActiveCfg = Debug|Any CPU
		{1F1C7A7F-3994-4B4B-93B6-7D8660F83E57}.Debug|Any CPU.Build.0 = Debug|Any CPU
		{1F1C7A7F-3994-4B4B-93B6-7D8660F83E57}.Debug|x64.ActiveCfg = Debug|Any CPU
		{1F1C7A7F-3994-4B4B-93B6-7D8660F83E57}.Debug|x64.Build.0 = Debug|Any CPU
		{1F1C7A7F-3994-4B4B-93B6-7D8660F83E57}.Debug|x86.ActiveCfg = Debug|Any CPU
		{1F1C7A7F-3994-4B4B-93B6-7D8660F83E57}.Debug|x86.Build.0 = Debug|Any CPU
		{1F1C7A7F-3994-4B4B-93B6-7D8660F83E57}.Release|Any CPU.ActiveCfg = Release|Any CPU
		{1F1C7A7F-3994-4B4B-93B6-7D8660F83E57}.Release|Any CPU.Build.0 = Release|Any CPU
		{1F1C7A7F-3994-4B4B-93B6-7D8660F83E57}.Release|x64.ActiveCfg = Release|Any CPU
		{1F1C7A7F-3994-4B4B-93B6-7D8660F83E57}.Release|x64.Build.0 = Release|Any CPU
		{1F1C7A7F-3994-4B4B-93B6-7D8660F83E57}.Release|x86.ActiveCfg = Release|Any CPU
		{1F1C7A7F-3994-4B4B-93B6-7D8660F83E57}.Release|x86.Build.0 = Release|Any CPU
	EndGlobalSection
	GlobalSection(NestedProjects) = preSolution
		{29750494-572D-4D43-9AF6-BC57699474CF} = {51E99B5A-DAFE-47E0-A10B-80489DE2599C}
		{1917C2F7-E0C6-474E-B255-6B15D6680684} = {51E99B5A-DAFE-47E0-A10B-80489DE2599C}
		{517CA27A-D94E-46C3-96F1-2A9613A02850} = {1917C2F7-E0C6-474E-B255-6B15D6680684}
		{E8088AFD-77C1-48AD-9771-EF9FA06F3FA6} = {51E99B5A-DAFE-47E0-A10B-80489DE2599C}
		{794CEE3A-8DB0-4845-9D83-A1A3C3978366} = {51E99B5A-DAFE-47E0-A10B-80489DE2599C}
		{A4054230-98F9-4F13-A2C7-9B4840C69E1A} = {51E99B5A-DAFE-47E0-A10B-80489DE2599C}
		{9A857C70-08EB-4F05-8AC5-5717FD9F735D} = {51E99B5A-DAFE-47E0-A10B-80489DE2599C}
		{1F1C7A7F-3994-4B4B-93B6-7D8660F83E57} = {51E99B5A-DAFE-47E0-A10B-80489DE2599C}
	EndGlobalSection
EndGlobal
